
Microsoft Visual Studio Solution File, Format Version 12.00
# Visual Studio Version 16
VisualStudioVersion = 16.0.30804.86
MinimumVisualStudioVersion = 10.0.40219.1
Project("{FAE04EC0-301F-11D3-BF4B-00C04F79EFBC}") = "exException", "exException.csproj", "{954F09F3-4D11-47C4-988F-E7C3C4648DA3}"
EndProject
Global
	GlobalSection(SolutionConfigurationPlatforms) = preSolution
		Debug|Any CPU = Debug|Any CPU
		Release|Any CPU = Release|Any CPU
	EndGlobalSection
	GlobalSection(ProjectConfigurationPlatforms) = postSolution
		{954F09F3-4D11-47C4-988F-E7C3C4648DA3}.Debug|Any CPU.ActiveCfg = Debug|Any CPU
		{954F09F3-4D11-47C4-988F-E7C3C4648DA3}.Debug|Any CPU.Build.0 = Debug|Any CPU
		{954F09F3-4D11-47C4-988F-E7C3C4648DA3}.Release|Any CPU.ActiveCfg = Release|Any CPU
		{954F09F3-4D11-47C4-988F-E7C3C4648DA3}.Release|Any CPU.Build.0 = Release|Any CPU
	EndGlobalSection
	GlobalSection(SolutionProperties) = preSolution
		HideSolutionNode = FALSE
	EndGlobalSection
	GlobalSection(ExtensibilityGlobals) = postSolution
		SolutionGuid = {8005BEDE-6F82-4B6E-BB9B-A3E975AC0E5A}
	EndGlobalSection
EndGlobal
