
Microsoft Visual Studio Solution File, Format Version 12.00
# Visual Studio Version 16
VisualStudioVersion = 16.0.30804.86
MinimumVisualStudioVersion = 10.0.40219.1
Project("{FAE04EC0-301F-11D3-BF4B-00C04F79EFBC}") = "exListDetail", "exListDetail.csproj", "{C2207607-C718-43EE-ABEA-4AF8F4DC0415}"
EndProject
Global
	GlobalSection(SolutionConfigurationPlatforms) = preSolution
		Debug|Any CPU = Debug|Any CPU
		Release|Any CPU = Release|Any CPU
	EndGlobalSection
	GlobalSection(ProjectConfigurationPlatforms) = postSolution
		{C2207607-C718-43EE-ABEA-4AF8F4DC0415}.Debug|Any CPU.ActiveCfg = Debug|Any CPU
		{C2207607-C718-43EE-ABEA-4AF8F4DC0415}.Debug|Any CPU.Build.0 = Debug|Any CPU
		{C2207607-C718-43EE-ABEA-4AF8F4DC0415}.Release|Any CPU.ActiveCfg = Release|Any CPU
		{C2207607-C718-43EE-ABEA-4AF8F4DC0415}.Release|Any CPU.Build.0 = Release|Any CPU
	EndGlobalSection
	GlobalSection(SolutionProperties) = preSolution
		HideSolutionNode = FALSE
	EndGlobalSection
	GlobalSection(ExtensibilityGlobals) = postSolution
		SolutionGuid = {BEE76906-8E28-4E0B-A917-F052AC9B73D4}
	EndGlobalSection
EndGlobal
