
Microsoft Visual Studio Solution File, Format Version 12.00
# Visual Studio Version 16
VisualStudioVersion = 16.0.30804.86
MinimumVisualStudioVersion = 10.0.40219.1
Project("{FAE04EC0-301F-11D3-BF4B-00C04F79EFBC}") = "exLinq", "exLinq.csproj", "{79B9E8B0-88FA-4EDA-B025-B00C6EF8E909}"
EndProject
Global
	GlobalSection(SolutionConfigurationPlatforms) = preSolution
		Debug|Any CPU = Debug|Any CPU
		Release|Any CPU = Release|Any CPU
	EndGlobalSection
	GlobalSection(ProjectConfigurationPlatforms) = postSolution
		{79B9E8B0-88FA-4EDA-B025-B00C6EF8E909}.Debug|Any CPU.ActiveCfg = Debug|Any CPU
		{79B9E8B0-88FA-4EDA-B025-B00C6EF8E909}.Debug|Any CPU.Build.0 = Debug|Any CPU
		{79B9E8B0-88FA-4EDA-B025-B00C6EF8E909}.Release|Any CPU.ActiveCfg = Release|Any CPU
		{79B9E8B0-88FA-4EDA-B025-B00C6EF8E909}.Release|Any CPU.Build.0 = Release|Any CPU
	EndGlobalSection
	GlobalSection(SolutionProperties) = preSolution
		HideSolutionNode = FALSE
	EndGlobalSection
	GlobalSection(ExtensibilityGlobals) = postSolution
		SolutionGuid = {35C1C5FA-2B88-4390-AC01-CE0774254CA2}
	EndGlobalSection
EndGlobal
