
Microsoft Visual Studio Solution File, Format Version 12.00
# Visual Studio Version 16
VisualStudioVersion = 16.0.30804.86
MinimumVisualStudioVersion = 10.0.40219.1
Project("{FAE04EC0-301F-11D3-BF4B-00C04F79EFBC}") = "exTreeView", "exTreeView.csproj", "{81F1CB00-2B96-4282-820A-66C4915BF05A}"
EndProject
Global
	GlobalSection(SolutionConfigurationPlatforms) = preSolution
		Debug|Any CPU = Debug|Any CPU
		Release|Any CPU = Release|Any CPU
	EndGlobalSection
	GlobalSection(ProjectConfigurationPlatforms) = postSolution
		{81F1CB00-2B96-4282-820A-66C4915BF05A}.Debug|Any CPU.ActiveCfg = Debug|Any CPU
		{81F1CB00-2B96-4282-820A-66C4915BF05A}.Debug|Any CPU.Build.0 = Debug|Any CPU
		{81F1CB00-2B96-4282-820A-66C4915BF05A}.Release|Any CPU.ActiveCfg = Release|Any CPU
		{81F1CB00-2B96-4282-820A-66C4915BF05A}.Release|Any CPU.Build.0 = Release|Any CPU
	EndGlobalSection
	GlobalSection(SolutionProperties) = preSolution
		HideSolutionNode = FALSE
	EndGlobalSection
	GlobalSection(ExtensibilityGlobals) = postSolution
		SolutionGuid = {1718DE57-FBC6-4B2E-B8BB-B35BA67A274C}
	EndGlobalSection
EndGlobal
