
Microsoft Visual Studio Solution File, Format Version 12.00
# Visual Studio Version 16
VisualStudioVersion = 16.0.30717.126
MinimumVisualStudioVersion = 10.0.40219.1
Project("{FAE04EC0-301F-11D3-BF4B-00C04F79EFBC}") = "exStringBuilder", "exStringBuilder.csproj", "{A992DAEE-1C35-4737-B26E-F84D0B66D5A9}"
EndProject
Global
	GlobalSection(SolutionConfigurationPlatforms) = preSolution
		Debug|Any CPU = Debug|Any CPU
		Release|Any CPU = Release|Any CPU
	EndGlobalSection
	GlobalSection(ProjectConfigurationPlatforms) = postSolution
		{A992DAEE-1C35-4737-B26E-F84D0B66D5A9}.Debug|Any CPU.ActiveCfg = Debug|Any CPU
		{A992DAEE-1C35-4737-B26E-F84D0B66D5A9}.Debug|Any CPU.Build.0 = Debug|Any CPU
		{A992DAEE-1C35-4737-B26E-F84D0B66D5A9}.Release|Any CPU.ActiveCfg = Release|Any CPU
		{A992DAEE-1C35-4737-B26E-F84D0B66D5A9}.Release|Any CPU.Build.0 = Release|Any CPU
	EndGlobalSection
	GlobalSection(SolutionProperties) = preSolution
		HideSolutionNode = FALSE
	EndGlobalSection
	GlobalSection(ExtensibilityGlobals) = postSolution
		SolutionGuid = {423A3B62-D560-43CC-AE21-807417DA54AF}
	EndGlobalSection
EndGlobal
