
Microsoft Visual Studio Solution File, Format Version 12.00
# Visual Studio Version 16
VisualStudioVersion = 16.0.30804.86
MinimumVisualStudioVersion = 10.0.40219.1
Project("{FAE04EC0-301F-11D3-BF4B-00C04F79EFBC}") = "exUser32DLLKeyboardHook", "exUser32DLLKeyboardHook.csproj", "{BFB0D1D6-F430-493B-835B-6080CFD43AA4}"
EndProject
Global
	GlobalSection(SolutionConfigurationPlatforms) = preSolution
		Debug|Any CPU = Debug|Any CPU
		Release|Any CPU = Release|Any CPU
	EndGlobalSection
	GlobalSection(ProjectConfigurationPlatforms) = postSolution
		{BFB0D1D6-F430-493B-835B-6080CFD43AA4}.Debug|Any CPU.ActiveCfg = Debug|Any CPU
		{BFB0D1D6-F430-493B-835B-6080CFD43AA4}.Debug|Any CPU.Build.0 = Debug|Any CPU
		{BFB0D1D6-F430-493B-835B-6080CFD43AA4}.Release|Any CPU.ActiveCfg = Release|Any CPU
		{BFB0D1D6-F430-493B-835B-6080CFD43AA4}.Release|Any CPU.Build.0 = Release|Any CPU
	EndGlobalSection
	GlobalSection(SolutionProperties) = preSolution
		HideSolutionNode = FALSE
	EndGlobalSection
	GlobalSection(ExtensibilityGlobals) = postSolution
		SolutionGuid = {3E2379C7-4B3E-434C-AC1E-9CAB7AE3FC4F}
	EndGlobalSection
EndGlobal
