
Microsoft Visual Studio Solution File, Format Version 12.00
# Visual Studio Version 16
VisualStudioVersion = 16.0.30804.86
MinimumVisualStudioVersion = 10.0.40219.1
Project("{FAE04EC0-301F-11D3-BF4B-00C04F79EFBC}") = "exArrayListDataStruc", "exArrayListDataStruc.csproj", "{CC3A797D-60D1-4864-A71D-9C1A35DC8476}"
EndProject
Global
	GlobalSection(SolutionConfigurationPlatforms) = preSolution
		Debug|Any CPU = Debug|Any CPU
		Release|Any CPU = Release|Any CPU
	EndGlobalSection
	GlobalSection(ProjectConfigurationPlatforms) = postSolution
		{CC3A797D-60D1-4864-A71D-9C1A35DC8476}.Debug|Any CPU.ActiveCfg = Debug|Any CPU
		{CC3A797D-60D1-4864-A71D-9C1A35DC8476}.Debug|Any CPU.Build.0 = Debug|Any CPU
		{CC3A797D-60D1-4864-A71D-9C1A35DC8476}.Release|Any CPU.ActiveCfg = Release|Any CPU
		{CC3A797D-60D1-4864-A71D-9C1A35DC8476}.Release|Any CPU.Build.0 = Release|Any CPU
	EndGlobalSection
	GlobalSection(SolutionProperties) = preSolution
		HideSolutionNode = FALSE
	EndGlobalSection
	GlobalSection(ExtensibilityGlobals) = postSolution
		SolutionGuid = {5418D36F-E5F6-4DA4-AE11-6B8883A9953B}
	EndGlobalSection
EndGlobal
